
Microsoft Visual Studio Solution File, Format Version 12.00
# Visual Studio 15
VisualStudioVersion = 15.0.28307.1401
MinimumVisualStudioVersion = 10.0.40219.1
Project("{FAE04EC0-301F-11D3-BF4B-00C04F79EFBC}") = "CA_Lab_01", "CA_Lab_01\CA_Lab_01.csproj", "{5C07266E-CC1B-4032-AF54-7C5F58E81221}"
EndProject
Global
	GlobalSection(SolutionConfigurationPlatforms) = preSolution
		Debug|Any CPU = Debug|Any CPU
		Release|Any CPU = Release|Any CPU
	EndGlobalSection
	GlobalSection(ProjectConfigurationPlatforms) = postSolution
		{5C07266E-CC1B-4032-AF54-7C5F58E81221}.Debug|Any CPU.ActiveCfg = Debug|Any CPU
		{5C07266E-CC1B-4032-AF54-7C5F58E81221}.Debug|Any CPU.Build.0 = Debug|Any CPU
		{5C07266E-CC1B-4032-AF54-7C5F58E81221}.Release|Any CPU.ActiveCfg = Release|Any CPU
		{5C07266E-CC1B-4032-AF54-7C5F58E81221}.Release|Any CPU.Build.0 = Release|Any CPU
	EndGlobalSection
	GlobalSection(SolutionProperties) = preSolution
		HideSolutionNode = FALSE
	EndGlobalSection
	GlobalSection(ExtensibilityGlobals) = postSolution
		SolutionGuid = {20A4D155-8635-4949-A018-621921D1BC9D}
	EndGlobalSection
EndGlobal
