
Microsoft Visual Studio Solution File, Format Version 12.00
# Visual Studio Version 17
VisualStudioVersion = 17.4.33103.184
MinimumVisualStudioVersion = 10.0.40219.1
Project("{FAE04EC0-301F-11D3-BF4B-00C04F79EFBC}") = "RandomNumbers", "RandomNumbers.csproj", "{420E7223-53FE-4153-A8B1-471225152D9E}"
EndProject
Global
	GlobalSection(SolutionConfigurationPlatforms) = preSolution
		Debug|Any CPU = Debug|Any CPU
		Release|Any CPU = Release|Any CPU
	EndGlobalSection
	GlobalSection(ProjectConfigurationPlatforms) = postSolution
		{420E7223-53FE-4153-A8B1-471225152D9E}.Debug|Any CPU.ActiveCfg = Debug|Any CPU
		{420E7223-53FE-4153-A8B1-471225152D9E}.Debug|Any CPU.Build.0 = Debug|Any CPU
		{420E7223-53FE-4153-A8B1-471225152D9E}.Release|Any CPU.ActiveCfg = Release|Any CPU
		{420E7223-53FE-4153-A8B1-471225152D9E}.Release|Any CPU.Build.0 = Release|Any CPU
	EndGlobalSection
	GlobalSection(SolutionProperties) = preSolution
		HideSolutionNode = FALSE
	EndGlobalSection
	GlobalSection(ExtensibilityGlobals) = postSolution
		SolutionGuid = {70E7D3CB-712E-43F9-B79A-61D9DFA60858}
	EndGlobalSection
EndGlobal
