
Microsoft Visual Studio Solution File, Format Version 12.00
# Visual Studio Version 16
VisualStudioVersion = 16.0.31613.86
MinimumVisualStudioVersion = 10.0.40219.1
Project("{FAE04EC0-301F-11D3-BF4B-00C04F79EFBC}") = "SortingAlgs", "SortingAlgs.csproj", "{F458E8AE-FB6B-47CF-A521-B49D03E43A06}"
EndProject
Global
	GlobalSection(SolutionConfigurationPlatforms) = preSolution
		Debug|Any CPU = Debug|Any CPU
		Release|Any CPU = Release|Any CPU
	EndGlobalSection
	GlobalSection(ProjectConfigurationPlatforms) = postSolution
		{F458E8AE-FB6B-47CF-A521-B49D03E43A06}.Debug|Any CPU.ActiveCfg = Debug|Any CPU
		{F458E8AE-FB6B-47CF-A521-B49D03E43A06}.Debug|Any CPU.Build.0 = Debug|Any CPU
		{F458E8AE-FB6B-47CF-A521-B49D03E43A06}.Release|Any CPU.ActiveCfg = Release|Any CPU
		{F458E8AE-FB6B-47CF-A521-B49D03E43A06}.Release|Any CPU.Build.0 = Release|Any CPU
	EndGlobalSection
	GlobalSection(SolutionProperties) = preSolution
		HideSolutionNode = FALSE
	EndGlobalSection
	GlobalSection(ExtensibilityGlobals) = postSolution
		SolutionGuid = {81264A5B-FAAC-423C-AC7A-5DD5335BCF72}
	EndGlobalSection
EndGlobal
